
Microsoft Visual Studio Solution File, Format Version 12.00
# Visual Studio Version 17
VisualStudioVersion = 17.14.36414.22
MinimumVisualStudioVersion = 10.0.40219.1
Project("{2150E333-8FDC-42A3-9474-1A3956D46DE8}") = "Task0V0", "Task0V0", "{02EA681E-C7D8-13C7-8484-4AC65E1B71E8}"
EndProject
Project("{FAE04EC0-301F-11D3-BF4B-00C04F79EFBC}") = "Tyuiu.GogolevVM.Sprint3.Task0.V0", "Tyuiu.GogolevVM.Sprint3.Task0.V0\Tyuiu.GogolevVM.Sprint3.Task0.V0.csproj", "{85E32DB1-7094-4F1D-ABB7-4756AE842E08}"
EndProject
Project("{FAE04EC0-301F-11D3-BF4B-00C04F79EFBC}") = "Tyuiu.GogolevVM.Sprint3.Task0.V0.Lib", "Tyuiu.GogolevVM.Sprint3.Task0.V0.Lib\Tyuiu.GogolevVM.Sprint3.Task0.V0.Lib.csproj", "{D751D948-F58E-477A-8FC6-E3B26F9C63F1}"
EndProject
Project("{FAE04EC0-301F-11D3-BF4B-00C04F79EFBC}") = "Tyuiu.GogolevVM.Sprint3.Task0.V0.Test", "Tyuiu.GogolevVM.Sprint3.Task0.V0.Test\Tyuiu.GogolevVM.Sprint3.Task0.V0.Test.csproj", "{62DBAAF7-EA6A-4B33-BEF6-26F787B9EF1F}"
EndProject
Project("{2150E333-8FDC-42A3-9474-1A3956D46DE8}") = "Task0V1", "Task0V1", "{3AF3B14B-3E54-45AA-9F51-2080809178C6}"
EndProject
Project("{FAE04EC0-301F-11D3-BF4B-00C04F79EFBC}") = "Tyuiu.GogolevVM.Sprint3.Task0.V1", "Tyuiu.GogolevVM.Sprint3.Task0.V1\Tyuiu.GogolevVM.Sprint3.Task0.V1.csproj", "{E6FC2C65-6FA4-4B36-A87F-C7FF4B25F452}"
EndProject
Project("{FAE04EC0-301F-11D3-BF4B-00C04F79EFBC}") = "Tyuiu.GogolevVM.Sprint3.Task0.V1.Lib", "Tyuiu.GogolevVM.Sprint3.Task0.V1.Lib\Tyuiu.GogolevVM.Sprint3.Task0.V1.Lib.csproj", "{7B178F56-07BA-449E-9A65-70E8E0EF510B}"
EndProject
Project("{FAE04EC0-301F-11D3-BF4B-00C04F79EFBC}") = "Tyuiu.GogolevVM.Sprint3.Task0.V1.Test", "Tyuiu.GogolevVM.Sprint3.Task0.V1.Test\Tyuiu.GogolevVM.Sprint3.Task0.V1.Test.csproj", "{016FFDDC-947C-46A6-A618-4D3D2C5FE752}"
EndProject
Project("{2150E333-8FDC-42A3-9474-1A3956D46DE8}") = "Task1V0", "Task1V0", "{91B3AFA7-C346-4F5C-B4B7-61D928E2E8F6}"
EndProject
Project("{FAE04EC0-301F-11D3-BF4B-00C04F79EFBC}") = "Tyuiu.GogolevVM.Sprint3.Task1.V0", "Tyuiu.GogolevVM.Sprint3.Task1.V0\Tyuiu.GogolevVM.Sprint3.Task1.V0.csproj", "{3C6C829F-A348-4DDF-B821-6C7E65E7EC15}"
EndProject
Project("{FAE04EC0-301F-11D3-BF4B-00C04F79EFBC}") = "Tyuiu.GogolevVM.Sprint3.Task1.V0.Lib", "Tyuiu.GogolevVM.Sprint3.Task1.V0.Lib\Tyuiu.GogolevVM.Sprint3.Task1.V0.Lib.csproj", "{7D71EDC0-4B6A-4FB6-BE79-3467CBAD3729}"
EndProject
Project("{FAE04EC0-301F-11D3-BF4B-00C04F79EFBC}") = "Tyuiu.GogolevVM.Sprint3.Task1.V0.Test", "Tyuiu.GogolevVM.Sprint3.Task1.V0.Test\Tyuiu.GogolevVM.Sprint3.Task1.V0.Test.csproj", "{374FC086-6514-48B8-909F-E26BB64DF26A}"
EndProject
Project("{2150E333-8FDC-42A3-9474-1A3956D46DE8}") = "Task1V28", "Task1V28", "{44604732-8EE5-406F-81E8-642888C6671A}"
EndProject
Project("{FAE04EC0-301F-11D3-BF4B-00C04F79EFBC}") = "Tyuiu.GogolevVM.Sprint3.Task1.V28", "Tyuiu.GogolevVM.Sprint3.Task1.V28\Tyuiu.GogolevVM.Sprint3.Task1.V28.csproj", "{F150279F-65FA-4C83-980E-545D3AD9C75E}"
EndProject
Project("{FAE04EC0-301F-11D3-BF4B-00C04F79EFBC}") = "Tyuiu.GogolevVM.Sprint3.Task1.V28.Lib", "Tyuiu.GogolevVM.Sprint3.Task1.V28.Lib\Tyuiu.GogolevVM.Sprint3.Task1.V28.Lib.csproj", "{D4B6464F-DC7B-4DE8-8A86-07F103515CAA}"
EndProject
Project("{FAE04EC0-301F-11D3-BF4B-00C04F79EFBC}") = "Tyuiu.GogolevVM.Sprint3.Task1.V28.Test", "Tyuiu.GogolevVM.Sprint3.Task1.V28.Test\Tyuiu.GogolevVM.Sprint3.Task1.V28.Test.csproj", "{9C89046D-B0CC-4E95-8FD9-6A55A824C531}"
EndProject
Project("{2150E333-8FDC-42A3-9474-1A3956D46DE8}") = "Task2V0", "Task2V0", "{095B6393-DBAD-494C-BC43-962F0F6A1D9A}"
EndProject
Project("{FAE04EC0-301F-11D3-BF4B-00C04F79EFBC}") = "Tyuiu.GogolevVM.Sprint3.Task2.V0", "Tyuiu.GogolevVM.Sprint3.Task2.V0\Tyuiu.GogolevVM.Sprint3.Task2.V0.csproj", "{6F23A721-67A4-43CF-AF2B-0C9D3FB7576A}"
EndProject
Project("{FAE04EC0-301F-11D3-BF4B-00C04F79EFBC}") = "Tyuiu.GogolevVM.Sprint3.Task2.V0.Lib", "Tyuiu.GogolevVM.Sprint3.Task2.V0.Lib\Tyuiu.GogolevVM.Sprint3.Task2.V0.Lib.csproj", "{5A48DBCA-DFA2-4311-B8CF-03E142B7445C}"
EndProject
Project("{FAE04EC0-301F-11D3-BF4B-00C04F79EFBC}") = "Tyuiu.GogolevVM.Sprint3.Task2.V0.Test", "Tyuiu.GogolevVM.Sprint3.Task2.V0.Test\Tyuiu.GogolevVM.Sprint3.Task2.V0.Test.csproj", "{E72CDA7D-C6DD-49CE-AC28-5A6EB591641C}"
EndProject
Project("{2150E333-8FDC-42A3-9474-1A3956D46DE8}") = "Task2V19", "Task2V19", "{1EDA4B44-98B7-474D-94C5-EC71207DBF86}"
EndProject
Project("{FAE04EC0-301F-11D3-BF4B-00C04F79EFBC}") = "Tyuiu.GogolevVM.Sprint3.Task2.V19", "Tyuiu.GogolevVM.Sprint3.Task2.V19\Tyuiu.GogolevVM.Sprint3.Task2.V19.csproj", "{323AC83A-B4CF-4445-ACBE-3F2D80367317}"
EndProject
Project("{FAE04EC0-301F-11D3-BF4B-00C04F79EFBC}") = "Tyuiu.GogolevVM.Sprint3.Task2.V19.Lib", "Tyuiu.GogolevVM.Sprint3.Task2.V19.Lib\Tyuiu.GogolevVM.Sprint3.Task2.V19.Lib.csproj", "{482AE356-1404-4438-BCC3-CA73526063F6}"
EndProject
Project("{FAE04EC0-301F-11D3-BF4B-00C04F79EFBC}") = "Tyuiu.GogolevVM.Sprint3.Task2.V19.Test", "Tyuiu.GogolevVM.Sprint3.Task2.V19.Test\Tyuiu.GogolevVM.Sprint3.Task2.V19.Test.csproj", "{75802DBE-7DD5-44E7-AE56-E5DD29DEC36A}"
EndProject
Project("{2150E333-8FDC-42A3-9474-1A3956D46DE8}") = "Task3V0", "Task3V0", "{7EA17F9F-AAD0-48BD-B336-F4901DC753D9}"
EndProject
Project("{FAE04EC0-301F-11D3-BF4B-00C04F79EFBC}") = "Tyuiu.GogolevVM.Sprint3.Task3.V0", "Tyuiu.GogolevVM.Sprint3.Task3.V0\Tyuiu.GogolevVM.Sprint3.Task3.V0.csproj", "{A07FB954-52E3-422C-B5F3-F91787926E13}"
EndProject
Project("{FAE04EC0-301F-11D3-BF4B-00C04F79EFBC}") = "Tyuiu.GogolevVM.Sprint3.Task3.V0.Lib", "Tyuiu.GogolevVM.Sprint3.Task3.V0.Lib\Tyuiu.GogolevVM.Sprint3.Task3.V0.Lib.csproj", "{09D7F1B3-488A-43EE-A195-818B880B7D49}"
EndProject
Project("{FAE04EC0-301F-11D3-BF4B-00C04F79EFBC}") = "Tyuiu.GogolevVM.Sprint3.Task3.V0.Test", "Tyuiu.GogolevVM.Sprint3.Task3.V0.Test\Tyuiu.GogolevVM.Sprint3.Task3.V0.Test.csproj", "{ED1D9C70-AFA9-41A6-866A-65FA2D5232A5}"
EndProject
Project("{2150E333-8FDC-42A3-9474-1A3956D46DE8}") = "Task3V9", "Task3V9", "{65CFB789-0A24-4AE5-83C3-44AB6D42E626}"
EndProject
Project("{FAE04EC0-301F-11D3-BF4B-00C04F79EFBC}") = "Tyuiu.GogolevVM.Sprint3.Task3.V9", "Tyuiu.GogolevVM.Sprint3.Task3.V9\Tyuiu.GogolevVM.Sprint3.Task3.V9.csproj", "{BC39420C-FF1F-4842-8419-A40338ACD310}"
EndProject
Project("{FAE04EC0-301F-11D3-BF4B-00C04F79EFBC}") = "Tyuiu.GogolevVM.Sprint3.Task3.V9.Lib", "Tyuiu.GogolevVM.Sprint3.Task3.V9.Lib\Tyuiu.GogolevVM.Sprint3.Task3.V9.Lib.csproj", "{EDC21D17-FC1B-460C-82C5-E3D0F757D6E4}"
EndProject
Project("{FAE04EC0-301F-11D3-BF4B-00C04F79EFBC}") = "Tyuiu.GogolevVM.Sprint3.Task3.V9.Test", "Tyuiu.GogolevVM.Sprint3.Task3.V9.Test\Tyuiu.GogolevVM.Sprint3.Task3.V9.Test.csproj", "{0B27FFEE-836A-4B43-AD95-04B2FB5F21CC}"
EndProject
Project("{2150E333-8FDC-42A3-9474-1A3956D46DE8}") = "Task4V0", "Task4V0", "{49EA5EEE-2583-4D97-968D-7401D93E44F8}"
EndProject
Project("{FAE04EC0-301F-11D3-BF4B-00C04F79EFBC}") = "Tyuiu.GogolevVM.Sprint3.Task4.V0", "Tyuiu.GogolevVM.Sprint3.Task4.V0\Tyuiu.GogolevVM.Sprint3.Task4.V0.csproj", "{FCE1A813-12AB-4B2E-8CE5-C8C688832D7F}"
EndProject
Project("{FAE04EC0-301F-11D3-BF4B-00C04F79EFBC}") = "Tyuiu.GogolevVM.Sprint3.Task4.V0.Lib", "Tyuiu.GogolevVM.Sprint3.Task4.V0.Lib\Tyuiu.GogolevVM.Sprint3.Task4.V0.Lib.csproj", "{6C250514-F90B-4B63-9C32-B1967C32395A}"
EndProject
Project("{FAE04EC0-301F-11D3-BF4B-00C04F79EFBC}") = "Tyuiu.GogolevVM.Sprint3.Task4.V0.Test", "Tyuiu.GogolevVM.Sprint3.Task4.V0.Test\Tyuiu.GogolevVM.Sprint3.Task4.V0.Test.csproj", "{67A26F27-0D50-4300-8A46-57DBB7C884FD}"
EndProject
Project("{2150E333-8FDC-42A3-9474-1A3956D46DE8}") = "Task4V23", "Task4V23", "{6268B81D-1BF1-495F-AF0C-022FD5750F59}"
EndProject
Project("{FAE04EC0-301F-11D3-BF4B-00C04F79EFBC}") = "Tyuiu.GogolevVM.Sprint3.Task4.V23", "Tyuiu.GogolevVM.Sprint3.Task4.V23\Tyuiu.GogolevVM.Sprint3.Task4.V23.csproj", "{18587D22-0C8E-43C3-B221-B39D0BCA18E4}"
EndProject
Project("{FAE04EC0-301F-11D3-BF4B-00C04F79EFBC}") = "Tyuiu.GogolevVM.Sprint3.Task4.V23.Lib", "Tyuiu.GogolevVM.Sprint3.Task4.V23.Lib\Tyuiu.GogolevVM.Sprint3.Task4.V23.Lib.csproj", "{568676C0-D534-4199-A43F-2988676B62BD}"
EndProject
Project("{FAE04EC0-301F-11D3-BF4B-00C04F79EFBC}") = "Tyuiu.GogolevVM.Sprint3.Task4.V23.Test", "Tyuiu.GogolevVM.Sprint3.Task4.V23.Test\Tyuiu.GogolevVM.Sprint3.Task4.V23.Test.csproj", "{BF1B9EE0-D154-42FA-839D-13A6397D8830}"
EndProject
Global
	GlobalSection(SolutionConfigurationPlatforms) = preSolution
		Debug|Any CPU = Debug|Any CPU
		Release|Any CPU = Release|Any CPU
	EndGlobalSection
	GlobalSection(ProjectConfigurationPlatforms) = postSolution
		{85E32DB1-7094-4F1D-ABB7-4756AE842E08}.Debug|Any CPU.ActiveCfg = Debug|Any CPU
		{85E32DB1-7094-4F1D-ABB7-4756AE842E08}.Debug|Any CPU.Build.0 = Debug|Any CPU
		{85E32DB1-7094-4F1D-ABB7-4756AE842E08}.Release|Any CPU.ActiveCfg = Release|Any CPU
		{85E32DB1-7094-4F1D-ABB7-4756AE842E08}.Release|Any CPU.Build.0 = Release|Any CPU
		{D751D948-F58E-477A-8FC6-E3B26F9C63F1}.Debug|Any CPU.ActiveCfg = Debug|Any CPU
		{D751D948-F58E-477A-8FC6-E3B26F9C63F1}.Debug|Any CPU.Build.0 = Debug|Any CPU
		{D751D948-F58E-477A-8FC6-E3B26F9C63F1}.Release|Any CPU.ActiveCfg = Release|Any CPU
		{D751D948-F58E-477A-8FC6-E3B26F9C63F1}.Release|Any CPU.Build.0 = Release|Any CPU
		{62DBAAF7-EA6A-4B33-BEF6-26F787B9EF1F}.Debug|Any CPU.ActiveCfg = Debug|Any CPU
		{62DBAAF7-EA6A-4B33-BEF6-26F787B9EF1F}.Debug|Any CPU.Build.0 = Debug|Any CPU
		{62DBAAF7-EA6A-4B33-BEF6-26F787B9EF1F}.Release|Any CPU.ActiveCfg = Release|Any CPU
		{62DBAAF7-EA6A-4B33-BEF6-26F787B9EF1F}.Release|Any CPU.Build.0 = Release|Any CPU
		{E6FC2C65-6FA4-4B36-A87F-C7FF4B25F452}.Debug|Any CPU.ActiveCfg = Debug|Any CPU
		{E6FC2C65-6FA4-4B36-A87F-C7FF4B25F452}.Debug|Any CPU.Build.0 = Debug|Any CPU
		{E6FC2C65-6FA4-4B36-A87F-C7FF4B25F452}.Release|Any CPU.ActiveCfg = Release|Any CPU
		{E6FC2C65-6FA4-4B36-A87F-C7FF4B25F452}.Release|Any CPU.Build.0 = Release|Any CPU
		{7B178F56-07BA-449E-9A65-70E8E0EF510B}.Debug|Any CPU.ActiveCfg = Debug|Any CPU
		{7B178F56-07BA-449E-9A65-70E8E0EF510B}.Debug|Any CPU.Build.0 = Debug|Any CPU
		{7B178F56-07BA-449E-9A65-70E8E0EF510B}.Release|Any CPU.ActiveCfg = Release|Any CPU
		{7B178F56-07BA-449E-9A65-70E8E0EF510B}.Release|Any CPU.Build.0 = Release|Any CPU
		{016FFDDC-947C-46A6-A618-4D3D2C5FE752}.Debug|Any CPU.ActiveCfg = Debug|Any CPU
		{016FFDDC-947C-46A6-A618-4D3D2C5FE752}.Debug|Any CPU.Build.0 = Debug|Any CPU
		{016FFDDC-947C-46A6-A618-4D3D2C5FE752}.Release|Any CPU.ActiveCfg = Release|Any CPU
		{016FFDDC-947C-46A6-A618-4D3D2C5FE752}.Release|Any CPU.Build.0 = Release|Any CPU
		{3C6C829F-A348-4DDF-B821-6C7E65E7EC15}.Debug|Any CPU.ActiveCfg = Debug|Any CPU
		{3C6C829F-A348-4DDF-B821-6C7E65E7EC15}.Debug|Any CPU.Build.0 = Debug|Any CPU
		{3C6C829F-A348-4DDF-B821-6C7E65E7EC15}.Release|Any CPU.ActiveCfg = Release|Any CPU
		{3C6C829F-A348-4DDF-B821-6C7E65E7EC15}.Release|Any CPU.Build.0 = Release|Any CPU
		{7D71EDC0-4B6A-4FB6-BE79-3467CBAD3729}.Debug|Any CPU.ActiveCfg = Debug|Any CPU
		{7D71EDC0-4B6A-4FB6-BE79-3467CBAD3729}.Debug|Any CPU.Build.0 = Debug|Any CPU
		{7D71EDC0-4B6A-4FB6-BE79-3467CBAD3729}.Release|Any CPU.ActiveCfg = Release|Any CPU
		{7D71EDC0-4B6A-4FB6-BE79-3467CBAD3729}.Release|Any CPU.Build.0 = Release|Any CPU
		{374FC086-6514-48B8-909F-E26BB64DF26A}.Debug|Any CPU.ActiveCfg = Debug|Any CPU
		{374FC086-6514-48B8-909F-E26BB64DF26A}.Debug|Any CPU.Build.0 = Debug|Any CPU
		{374FC086-6514-48B8-909F-E26BB64DF26A}.Release|Any CPU.ActiveCfg = Release|Any CPU
		{374FC086-6514-48B8-909F-E26BB64DF26A}.Release|Any CPU.Build.0 = Release|Any CPU
		{F150279F-65FA-4C83-980E-545D3AD9C75E}.Debug|Any CPU.ActiveCfg = Debug|Any CPU
		{F150279F-65FA-4C83-980E-545D3AD9C75E}.Debug|Any CPU.Build.0 = Debug|Any CPU
		{F150279F-65FA-4C83-980E-545D3AD9C75E}.Release|Any CPU.ActiveCfg = Release|Any CPU
		{F150279F-65FA-4C83-980E-545D3AD9C75E}.Release|Any CPU.Build.0 = Release|Any CPU
		{D4B6464F-DC7B-4DE8-8A86-07F103515CAA}.Debug|Any CPU.ActiveCfg = Debug|Any CPU
		{D4B6464F-DC7B-4DE8-8A86-07F103515CAA}.Debug|Any CPU.Build.0 = Debug|Any CPU
		{D4B6464F-DC7B-4DE8-8A86-07F103515CAA}.Release|Any CPU.ActiveCfg = Release|Any CPU
		{D4B6464F-DC7B-4DE8-8A86-07F103515CAA}.Release|Any CPU.Build.0 = Release|Any CPU
		{9C89046D-B0CC-4E95-8FD9-6A55A824C531}.Debug|Any CPU.ActiveCfg = Debug|Any CPU
		{9C89046D-B0CC-4E95-8FD9-6A55A824C531}.Debug|Any CPU.Build.0 = Debug|Any CPU
		{9C89046D-B0CC-4E95-8FD9-6A55A824C531}.Release|Any CPU.ActiveCfg = Release|Any CPU
		{9C89046D-B0CC-4E95-8FD9-6A55A824C531}.Release|Any CPU.Build.0 = Release|Any CPU
		{6F23A721-67A4-43CF-AF2B-0C9D3FB7576A}.Debug|Any CPU.ActiveCfg = Debug|Any CPU
		{6F23A721-67A4-43CF-AF2B-0C9D3FB7576A}.Debug|Any CPU.Build.0 = Debug|Any CPU
		{6F23A721-67A4-43CF-AF2B-0C9D3FB7576A}.Release|Any CPU.ActiveCfg = Release|Any CPU
		{6F23A721-67A4-43CF-AF2B-0C9D3FB7576A}.Release|Any CPU.Build.0 = Release|Any CPU
		{5A48DBCA-DFA2-4311-B8CF-03E142B7445C}.Debug|Any CPU.ActiveCfg = Debug|Any CPU
		{5A48DBCA-DFA2-4311-B8CF-03E142B7445C}.Debug|Any CPU.Build.0 = Debug|Any CPU
		{5A48DBCA-DFA2-4311-B8CF-03E142B7445C}.Release|Any CPU.ActiveCfg = Release|Any CPU
		{5A48DBCA-DFA2-4311-B8CF-03E142B7445C}.Release|Any CPU.Build.0 = Release|Any CPU
		{E72CDA7D-C6DD-49CE-AC28-5A6EB591641C}.Debug|Any CPU.ActiveCfg = Debug|Any CPU
		{E72CDA7D-C6DD-49CE-AC28-5A6EB591641C}.Debug|Any CPU.Build.0 = Debug|Any CPU
		{E72CDA7D-C6DD-49CE-AC28-5A6EB591641C}.Release|Any CPU.ActiveCfg = Release|Any CPU
		{E72CDA7D-C6DD-49CE-AC28-5A6EB591641C}.Release|Any CPU.Build.0 = Release|Any CPU
		{323AC83A-B4CF-4445-ACBE-3F2D80367317}.Debug|Any CPU.ActiveCfg = Debug|Any CPU
		{323AC83A-B4CF-4445-ACBE-3F2D80367317}.Debug|Any CPU.Build.0 = Debug|Any CPU
		{323AC83A-B4CF-4445-ACBE-3F2D80367317}.Release|Any CPU.ActiveCfg = Release|Any CPU
		{323AC83A-B4CF-4445-ACBE-3F2D80367317}.Release|Any CPU.Build.0 = Release|Any CPU
		{482AE356-1404-4438-BCC3-CA73526063F6}.Debug|Any CPU.ActiveCfg = Debug|Any CPU
		{482AE356-1404-4438-BCC3-CA73526063F6}.Debug|Any CPU.Build.0 = Debug|Any CPU
		{482AE356-1404-4438-BCC3-CA73526063F6}.Release|Any CPU.ActiveCfg = Release|Any CPU
		{482AE356-1404-4438-BCC3-CA73526063F6}.Release|Any CPU.Build.0 = Release|Any CPU
		{75802DBE-7DD5-44E7-AE56-E5DD29DEC36A}.Debug|Any CPU.ActiveCfg = Debug|Any CPU
		{75802DBE-7DD5-44E7-AE56-E5DD29DEC36A}.Debug|Any CPU.Build.0 = Debug|Any CPU
		{75802DBE-7DD5-44E7-AE56-E5DD29DEC36A}.Release|Any CPU.ActiveCfg = Release|Any CPU
		{75802DBE-7DD5-44E7-AE56-E5DD29DEC36A}.Release|Any CPU.Build.0 = Release|Any CPU
		{A07FB954-52E3-422C-B5F3-F91787926E13}.Debug|Any CPU.ActiveCfg = Debug|Any CPU
		{A07FB954-52E3-422C-B5F3-F91787926E13}.Debug|Any CPU.Build.0 = Debug|Any CPU
		{A07FB954-52E3-422C-B5F3-F91787926E13}.Release|Any CPU.ActiveCfg = Release|Any CPU
		{A07FB954-52E3-422C-B5F3-F91787926E13}.Release|Any CPU.Build.0 = Release|Any CPU
		{09D7F1B3-488A-43EE-A195-818B880B7D49}.Debug|Any CPU.ActiveCfg = Debug|Any CPU
		{09D7F1B3-488A-43EE-A195-818B880B7D49}.Debug|Any CPU.Build.0 = Debug|Any CPU
		{09D7F1B3-488A-43EE-A195-818B880B7D49}.Release|Any CPU.ActiveCfg = Release|Any CPU
		{09D7F1B3-488A-43EE-A195-818B880B7D49}.Release|Any CPU.Build.0 = Release|Any CPU
		{ED1D9C70-AFA9-41A6-866A-65FA2D5232A5}.Debug|Any CPU.ActiveCfg = Debug|Any CPU
		{ED1D9C70-AFA9-41A6-866A-65FA2D5232A5}.Debug|Any CPU.Build.0 = Debug|Any CPU
		{ED1D9C70-AFA9-41A6-866A-65FA2D5232A5}.Release|Any CPU.ActiveCfg = Release|Any CPU
		{ED1D9C70-AFA9-41A6-866A-65FA2D5232A5}.Release|Any CPU.Build.0 = Release|Any CPU
		{BC39420C-FF1F-4842-8419-A40338ACD310}.Debug|Any CPU.ActiveCfg = Debug|Any CPU
		{BC39420C-FF1F-4842-8419-A40338ACD310}.Debug|Any CPU.Build.0 = Debug|Any CPU
		{BC39420C-FF1F-4842-8419-A40338ACD310}.Release|Any CPU.ActiveCfg = Release|Any CPU
		{BC39420C-FF1F-4842-8419-A40338ACD310}.Release|Any CPU.Build.0 = Release|Any CPU
		{EDC21D17-FC1B-460C-82C5-E3D0F757D6E4}.Debug|Any CPU.ActiveCfg = Debug|Any CPU
		{EDC21D17-FC1B-460C-82C5-E3D0F757D6E4}.Debug|Any CPU.Build.0 = Debug|Any CPU
		{EDC21D17-FC1B-460C-82C5-E3D0F757D6E4}.Release|Any CPU.ActiveCfg = Release|Any CPU
		{EDC21D17-FC1B-460C-82C5-E3D0F757D6E4}.Release|Any CPU.Build.0 = Release|Any CPU
		{0B27FFEE-836A-4B43-AD95-04B2FB5F21CC}.Debug|Any CPU.ActiveCfg = Debug|Any CPU
		{0B27FFEE-836A-4B43-AD95-04B2FB5F21CC}.Debug|Any CPU.Build.0 = Debug|Any CPU
		{0B27FFEE-836A-4B43-AD95-04B2FB5F21CC}.Release|Any CPU.ActiveCfg = Release|Any CPU
		{0B27FFEE-836A-4B43-AD95-04B2FB5F21CC}.Release|Any CPU.Build.0 = Release|Any CPU
		{FCE1A813-12AB-4B2E-8CE5-C8C688832D7F}.Debug|Any CPU.ActiveCfg = Debug|Any CPU
		{FCE1A813-12AB-4B2E-8CE5-C8C688832D7F}.Debug|Any CPU.Build.0 = Debug|Any CPU
		{FCE1A813-12AB-4B2E-8CE5-C8C688832D7F}.Release|Any CPU.ActiveCfg = Release|Any CPU
		{FCE1A813-12AB-4B2E-8CE5-C8C688832D7F}.Release|Any CPU.Build.0 = Release|Any CPU
		{6C250514-F90B-4B63-9C32-B1967C32395A}.Debug|Any CPU.ActiveCfg = Debug|Any CPU
		{6C250514-F90B-4B63-9C32-B1967C32395A}.Debug|Any CPU.Build.0 = Debug|Any CPU
		{6C250514-F90B-4B63-9C32-B1967C32395A}.Release|Any CPU.ActiveCfg = Release|Any CPU
		{6C250514-F90B-4B63-9C32-B1967C32395A}.Release|Any CPU.Build.0 = Release|Any CPU
		{67A26F27-0D50-4300-8A46-57DBB7C884FD}.Debug|Any CPU.ActiveCfg = Debug|Any CPU
		{67A26F27-0D50-4300-8A46-57DBB7C884FD}.Debug|Any CPU.Build.0 = Debug|Any CPU
		{67A26F27-0D50-4300-8A46-57DBB7C884FD}.Release|Any CPU.ActiveCfg = Release|Any CPU
		{67A26F27-0D50-4300-8A46-57DBB7C884FD}.Release|Any CPU.Build.0 = Release|Any CPU
		{18587D22-0C8E-43C3-B221-B39D0BCA18E4}.Debug|Any CPU.ActiveCfg = Debug|Any CPU
		{18587D22-0C8E-43C3-B221-B39D0BCA18E4}.Debug|Any CPU.Build.0 = Debug|Any CPU
		{18587D22-0C8E-43C3-B221-B39D0BCA18E4}.Release|Any CPU.ActiveCfg = Release|Any CPU
		{18587D22-0C8E-43C3-B221-B39D0BCA18E4}.Release|Any CPU.Build.0 = Release|Any CPU
		{568676C0-D534-4199-A43F-2988676B62BD}.Debug|Any CPU.ActiveCfg = Debug|Any CPU
		{568676C0-D534-4199-A43F-2988676B62BD}.Debug|Any CPU.Build.0 = Debug|Any CPU
		{568676C0-D534-4199-A43F-2988676B62BD}.Release|Any CPU.ActiveCfg = Release|Any CPU
		{568676C0-D534-4199-A43F-2988676B62BD}.Release|Any CPU.Build.0 = Release|Any CPU
		{BF1B9EE0-D154-42FA-839D-13A6397D8830}.Debug|Any CPU.ActiveCfg = Debug|Any CPU
		{BF1B9EE0-D154-42FA-839D-13A6397D8830}.Debug|Any CPU.Build.0 = Debug|Any CPU
		{BF1B9EE0-D154-42FA-839D-13A6397D8830}.Release|Any CPU.ActiveCfg = Release|Any CPU
		{BF1B9EE0-D154-42FA-839D-13A6397D8830}.Release|Any CPU.Build.0 = Release|Any CPU
	EndGlobalSection
	GlobalSection(SolutionProperties) = preSolution
		HideSolutionNode = FALSE
	EndGlobalSection
	GlobalSection(NestedProjects) = preSolution
		{85E32DB1-7094-4F1D-ABB7-4756AE842E08} = {02EA681E-C7D8-13C7-8484-4AC65E1B71E8}
		{D751D948-F58E-477A-8FC6-E3B26F9C63F1} = {02EA681E-C7D8-13C7-8484-4AC65E1B71E8}
		{62DBAAF7-EA6A-4B33-BEF6-26F787B9EF1F} = {02EA681E-C7D8-13C7-8484-4AC65E1B71E8}
		{E6FC2C65-6FA4-4B36-A87F-C7FF4B25F452} = {3AF3B14B-3E54-45AA-9F51-2080809178C6}
		{7B178F56-07BA-449E-9A65-70E8E0EF510B} = {3AF3B14B-3E54-45AA-9F51-2080809178C6}
		{016FFDDC-947C-46A6-A618-4D3D2C5FE752} = {3AF3B14B-3E54-45AA-9F51-2080809178C6}
		{3C6C829F-A348-4DDF-B821-6C7E65E7EC15} = {91B3AFA7-C346-4F5C-B4B7-61D928E2E8F6}
		{7D71EDC0-4B6A-4FB6-BE79-3467CBAD3729} = {91B3AFA7-C346-4F5C-B4B7-61D928E2E8F6}
		{374FC086-6514-48B8-909F-E26BB64DF26A} = {91B3AFA7-C346-4F5C-B4B7-61D928E2E8F6}
		{F150279F-65FA-4C83-980E-545D3AD9C75E} = {44604732-8EE5-406F-81E8-642888C6671A}
		{D4B6464F-DC7B-4DE8-8A86-07F103515CAA} = {44604732-8EE5-406F-81E8-642888C6671A}
		{9C89046D-B0CC-4E95-8FD9-6A55A824C531} = {44604732-8EE5-406F-81E8-642888C6671A}
		{6F23A721-67A4-43CF-AF2B-0C9D3FB7576A} = {095B6393-DBAD-494C-BC43-962F0F6A1D9A}
		{5A48DBCA-DFA2-4311-B8CF-03E142B7445C} = {095B6393-DBAD-494C-BC43-962F0F6A1D9A}
		{E72CDA7D-C6DD-49CE-AC28-5A6EB591641C} = {095B6393-DBAD-494C-BC43-962F0F6A1D9A}
		{323AC83A-B4CF-4445-ACBE-3F2D80367317} = {1EDA4B44-98B7-474D-94C5-EC71207DBF86}
		{482AE356-1404-4438-BCC3-CA73526063F6} = {1EDA4B44-98B7-474D-94C5-EC71207DBF86}
		{75802DBE-7DD5-44E7-AE56-E5DD29DEC36A} = {1EDA4B44-98B7-474D-94C5-EC71207DBF86}
		{A07FB954-52E3-422C-B5F3-F91787926E13} = {7EA17F9F-AAD0-48BD-B336-F4901DC753D9}
		{09D7F1B3-488A-43EE-A195-818B880B7D49} = {7EA17F9F-AAD0-48BD-B336-F4901DC753D9}
		{ED1D9C70-AFA9-41A6-866A-65FA2D5232A5} = {7EA17F9F-AAD0-48BD-B336-F4901DC753D9}
		{BC39420C-FF1F-4842-8419-A40338ACD310} = {65CFB789-0A24-4AE5-83C3-44AB6D42E626}
		{EDC21D17-FC1B-460C-82C5-E3D0F757D6E4} = {65CFB789-0A24-4AE5-83C3-44AB6D42E626}
		{0B27FFEE-836A-4B43-AD95-04B2FB5F21CC} = {65CFB789-0A24-4AE5-83C3-44AB6D42E626}
		{FCE1A813-12AB-4B2E-8CE5-C8C688832D7F} = {49EA5EEE-2583-4D97-968D-7401D93E44F8}
		{6C250514-F90B-4B63-9C32-B1967C32395A} = {49EA5EEE-2583-4D97-968D-7401D93E44F8}
		{67A26F27-0D50-4300-8A46-57DBB7C884FD} = {49EA5EEE-2583-4D97-968D-7401D93E44F8}
		{18587D22-0C8E-43C3-B221-B39D0BCA18E4} = {6268B81D-1BF1-495F-AF0C-022FD5750F59}
		{568676C0-D534-4199-A43F-2988676B62BD} = {6268B81D-1BF1-495F-AF0C-022FD5750F59}
		{BF1B9EE0-D154-42FA-839D-13A6397D8830} = {6268B81D-1BF1-495F-AF0C-022FD5750F59}
	EndGlobalSection
	GlobalSection(ExtensibilityGlobals) = postSolution
		SolutionGuid = {9C881FED-3F46-48FC-9C5D-88064A2FB63E}
	EndGlobalSection
EndGlobal
